
Microsoft Visual Studio Solution File, Format Version 12.00
# Visual Studio 15
VisualStudioVersion = 15.0.27428.2015
MinimumVisualStudioVersion = 10.0.40219.1
Project("{FAE04EC0-301F-11D3-BF4B-00C04F79EFBC}") = "TrainTicketMachine", "TrainTicketMachine\TrainTicketMachine.csproj", "{CADE74E2-1B2F-421C-AB57-2B5885E5F49A}"
EndProject
Global
	GlobalSection(SolutionConfigurationPlatforms) = preSolution
		Debug|Any CPU = Debug|Any CPU
		Release|Any CPU = Release|Any CPU
	EndGlobalSection
	GlobalSection(ProjectConfigurationPlatforms) = postSolution
		{CADE74E2-1B2F-421C-AB57-2B5885E5F49A}.Debug|Any CPU.ActiveCfg = Debug|Any CPU
		{CADE74E2-1B2F-421C-AB57-2B5885E5F49A}.Debug|Any CPU.Build.0 = Debug|Any CPU
		{CADE74E2-1B2F-421C-AB57-2B5885E5F49A}.Release|Any CPU.ActiveCfg = Release|Any CPU
		{CADE74E2-1B2F-421C-AB57-2B5885E5F49A}.Release|Any CPU.Build.0 = Release|Any CPU
	EndGlobalSection
	GlobalSection(SolutionProperties) = preSolution
		HideSolutionNode = FALSE
	EndGlobalSection
	GlobalSection(ExtensibilityGlobals) = postSolution
		SolutionGuid = {F4F12A54-B242-4A04-95A9-8B28527DCCFD}
	EndGlobalSection
EndGlobal
